
Microsoft Visual Studio Solution File, Format Version 12.00
# Visual Studio Version 17
VisualStudioVersion = 17.11.35327.3
MinimumVisualStudioVersion = 10.0.40219.1
Project("{9A19103F-16F7-4668-BE54-9A1E7A4F7556}") = "CarDealerShip.Web", "CarDealerShip\CarDealerShip.Web.csproj", "{D70AA7C7-C90E-4229-BDDF-12230EFE3A59}"
EndProject
Project("{2150E333-8FDC-42A3-9474-1A3956D46DE8}") = "Web", "Web", "{52DFF262-738C-464E-9506-BB520492ACEB}"
EndProject
Project("{2150E333-8FDC-42A3-9474-1A3956D46DE8}") = "Data", "Data", "{A0D9FF3C-B3B8-4DAC-A37E-D1DFD86A094D}"
EndProject
Project("{2150E333-8FDC-42A3-9474-1A3956D46DE8}") = "Services", "Services", "{E61B3931-E6DC-45FE-9CE5-9D544F4F0A5F}"
EndProject
Project("{FAE04EC0-301F-11D3-BF4B-00C04F79EFBC}") = "CarDealerShip.Services.Data", "CarDealerShip.Services.Data\CarDealerShip.Services.Data.csproj", "{3D0CE6FD-BF0D-4616-8A04-B379102A68A7}"
EndProject
Project("{FAE04EC0-301F-11D3-BF4B-00C04F79EFBC}") = "CarDealerShip.Data", "CarDealerShip.Data\CarDealerShip.Data.csproj", "{76F3FD72-BB5D-4EBB-A71E-A8EB4E4AA3FC}"
EndProject
Project("{FAE04EC0-301F-11D3-BF4B-00C04F79EFBC}") = "CarDealerShip.Data.Models", "CarDealerShip.Data.Models\CarDealerShip.Data.Models.csproj", "{1DDBF48E-65A3-4FBE-93C8-88F068BAF8D0}"
EndProject
Project("{FAE04EC0-301F-11D3-BF4B-00C04F79EFBC}") = "CarDealerShip.Web.ViewModels", "CarDealerShip.Web.ViewModels\CarDealerShip.Web.ViewModels.csproj", "{C46B5A56-5F5A-4EF5-98BC-64EBF7C59FF5}"
EndProject
Project("{FAE04EC0-301F-11D3-BF4B-00C04F79EFBC}") = "CarDealerShip.Common", "CarDealerShip.Common\CarDealerShip.Common.csproj", "{0B74952B-FBA8-4BA5-83B9-38AEB84A8617}"
EndProject
Global
	GlobalSection(SolutionConfigurationPlatforms) = preSolution
		Debug|Any CPU = Debug|Any CPU
		Release|Any CPU = Release|Any CPU
	EndGlobalSection
	GlobalSection(ProjectConfigurationPlatforms) = postSolution
		{D70AA7C7-C90E-4229-BDDF-12230EFE3A59}.Debug|Any CPU.ActiveCfg = Debug|Any CPU
		{D70AA7C7-C90E-4229-BDDF-12230EFE3A59}.Debug|Any CPU.Build.0 = Debug|Any CPU
		{D70AA7C7-C90E-4229-BDDF-12230EFE3A59}.Release|Any CPU.ActiveCfg = Release|Any CPU
		{D70AA7C7-C90E-4229-BDDF-12230EFE3A59}.Release|Any CPU.Build.0 = Release|Any CPU
		{3D0CE6FD-BF0D-4616-8A04-B379102A68A7}.Debug|Any CPU.ActiveCfg = Debug|Any CPU
		{3D0CE6FD-BF0D-4616-8A04-B379102A68A7}.Debug|Any CPU.Build.0 = Debug|Any CPU
		{3D0CE6FD-BF0D-4616-8A04-B379102A68A7}.Release|Any CPU.ActiveCfg = Release|Any CPU
		{3D0CE6FD-BF0D-4616-8A04-B379102A68A7}.Release|Any CPU.Build.0 = Release|Any CPU
		{76F3FD72-BB5D-4EBB-A71E-A8EB4E4AA3FC}.Debug|Any CPU.ActiveCfg = Debug|Any CPU
		{76F3FD72-BB5D-4EBB-A71E-A8EB4E4AA3FC}.Debug|Any CPU.Build.0 = Debug|Any CPU
		{76F3FD72-BB5D-4EBB-A71E-A8EB4E4AA3FC}.Release|Any CPU.ActiveCfg = Release|Any CPU
		{76F3FD72-BB5D-4EBB-A71E-A8EB4E4AA3FC}.Release|Any CPU.Build.0 = Release|Any CPU
		{1DDBF48E-65A3-4FBE-93C8-88F068BAF8D0}.Debug|Any CPU.ActiveCfg = Debug|Any CPU
		{1DDBF48E-65A3-4FBE-93C8-88F068BAF8D0}.Debug|Any CPU.Build.0 = Debug|Any CPU
		{1DDBF48E-65A3-4FBE-93C8-88F068BAF8D0}.Release|Any CPU.ActiveCfg = Release|Any CPU
		{1DDBF48E-65A3-4FBE-93C8-88F068BAF8D0}.Release|Any CPU.Build.0 = Release|Any CPU
		{C46B5A56-5F5A-4EF5-98BC-64EBF7C59FF5}.Debug|Any CPU.ActiveCfg = Debug|Any CPU
		{C46B5A56-5F5A-4EF5-98BC-64EBF7C59FF5}.Debug|Any CPU.Build.0 = Debug|Any CPU
		{C46B5A56-5F5A-4EF5-98BC-64EBF7C59FF5}.Release|Any CPU.ActiveCfg = Release|Any CPU
		{C46B5A56-5F5A-4EF5-98BC-64EBF7C59FF5}.Release|Any CPU.Build.0 = Release|Any CPU
		{0B74952B-FBA8-4BA5-83B9-38AEB84A8617}.Debug|Any CPU.ActiveCfg = Debug|Any CPU
		{0B74952B-FBA8-4BA5-83B9-38AEB84A8617}.Debug|Any CPU.Build.0 = Debug|Any CPU
		{0B74952B-FBA8-4BA5-83B9-38AEB84A8617}.Release|Any CPU.ActiveCfg = Release|Any CPU
		{0B74952B-FBA8-4BA5-83B9-38AEB84A8617}.Release|Any CPU.Build.0 = Release|Any CPU
	EndGlobalSection
	GlobalSection(SolutionProperties) = preSolution
		HideSolutionNode = FALSE
	EndGlobalSection
	GlobalSection(NestedProjects) = preSolution
		{D70AA7C7-C90E-4229-BDDF-12230EFE3A59} = {52DFF262-738C-464E-9506-BB520492ACEB}
		{3D0CE6FD-BF0D-4616-8A04-B379102A68A7} = {E61B3931-E6DC-45FE-9CE5-9D544F4F0A5F}
		{76F3FD72-BB5D-4EBB-A71E-A8EB4E4AA3FC} = {A0D9FF3C-B3B8-4DAC-A37E-D1DFD86A094D}
		{1DDBF48E-65A3-4FBE-93C8-88F068BAF8D0} = {A0D9FF3C-B3B8-4DAC-A37E-D1DFD86A094D}
		{C46B5A56-5F5A-4EF5-98BC-64EBF7C59FF5} = {52DFF262-738C-464E-9506-BB520492ACEB}
	EndGlobalSection
	GlobalSection(ExtensibilityGlobals) = postSolution
		SolutionGuid = {C9266A85-C814-42C4-8920-37D5D55762F3}
	EndGlobalSection
EndGlobal
